lockfileVersion: '9.0'

settings:
  autoInstallPeers: true
  excludeLinksFromLockfile: false

importers:

  .:
    dependencies:
      '@emotion/react':
        specifier: ^11.13.3
        version: 11.13.3(@types/react@18.3.6)(react@18.3.1)
      '@emotion/styled':
        specifier: ^11.13.0
        version: 11.13.0(@emotion/react@11.13.3(@types/react@18.3.6)(react@18.3.1))(@types/react@18.3.6)(react@18.3.1)

      '@material-ui/core':
        specifier: ^4.12.4
        version: 4.12.4(@types/react@18.3.6)(react-dom@18.3.1(react@18.3.1))(react@18.3.1)

      emailjs-com:
        specifier: ^3.2.0
        version: 3.2.0

      mini-css-extract-plugin:
        specifier: ^2.9.1
        version: 2.9.1(webpack@5.94.0)

  '@material-ui/core@4.12.4':
    resolution: {integrity: sha512-tr7xekNlM9LjA6pagJmL8QCgZXaubWUwkJnoYcMKd4gw/t4XiyvnTkjdGrUVicyB2BsdaAv1tvow45bPM4sSwQ==}
    engines: {node: '>=8.0.0'}
    deprecated: Material UI v4 doesn't receive active development since September 2021. See the guide https://mui.com/material-ui/migration/migration-v4/ to upgrade to v5.
    peerDependencies:
      '@types/react': ^16.8.6 || ^17.0.0
      react: ^16.8.0 || ^17.0.0
      react-dom: ^16.8.0 || ^17.0.0
    peerDependenciesMeta:
      '@types/react':
        optional: true

  '@material-ui/styles@4.11.5':
    resolution: {integrity: sha512-o/41ot5JJiUsIETME9wVLAJrmIWL3j0R0Bj2kCOLbSfqEkKf0fmaPt+5vtblUh5eXr2S+J/8J3DaCb10+CzPGA==}
    engines: {node: '>=8.0.0'}
    deprecated: Material UI v4 doesn't receive active development since September 2021. See the guide https://mui.com/material-ui/migration/migration-v4/ to upgrade to v5.
    peerDependencies:
      '@types/react': ^16.8.6 || ^17.0.0
      react: ^16.8.0 || ^17.0.0
      react-dom: ^16.8.0 || ^17.0.0
    peerDependenciesMeta:
      '@types/react':
        optional: true

  '@material-ui/system@4.12.2':
    resolution: {integrity: sha512-6CSKu2MtmiJgcCGf6nBQpM8fLkuB9F55EKfbdTC80NND5wpTmKzwdhLYLH3zL4cLlK0gVaaltW7/wMuyTnN0Lw==}
    engines: {node: '>=8.0.0'}
    peerDependencies:
      '@types/react': ^16.8.6 || ^17.0.0
      react: ^16.8.0 || ^17.0.0
      react-dom: ^16.8.0 || ^17.0.0
    peerDependenciesMeta:
      '@types/react':
        optional: true

  '@material-ui/types@5.1.0':
    resolution: {integrity: sha512-7cqRjrY50b8QzRSYyhSpx4WRw2YuO0KKIGQEVk5J8uoz2BanawykgZGoWEqKm7pVIbzFDN0SpPcVV4IhOFkl8A==}
    peerDependencies:
      '@types/react': '*'
    peerDependenciesMeta:
      '@types/react':
        optional: true

  '@material-ui/utils@4.11.3':
    resolution: {integrity: sha512-ZuQPV4rBK/V1j2dIkSSEcH5uT6AaHuKWFfotADHsC0wVL1NLd2WkFCm4ZZbX33iO4ydl6V0GPngKm8HZQ2oujg==}
    engines: {node: '>=8.0.0'}
    peerDependencies:
      react: ^16.8.0 || ^17.0.0
      react-dom: ^16.8.0 || ^17.0.0

  '@types/estree@1.0.5':
    resolution: {integrity: sha512-/kYRxGDLWzHOB7q+wtSUQlFrtcdUccpfy+X+9iMBpHK8QLLhx2wIPYuS5DYtR9Wa/YlZAbIovy7qVdB1Aq6Lyw==}

  '@types/json-schema@7.0.15':
    resolution: {integrity: sha512-5+fP8P8MFNC+AyZCDxrB2pkZFPGzqQWUzpSeuuVLvm8VMcorNYavBqoFcxK8bQz4Qsbn4oUEEem4wDLfcysGHA==}


  '@webgpu/types@0.1.45':
    resolution: {integrity: sha512-0TBBF/mhakJoK0qUWCZugBnh23x+VwmYA5RLmtNQwvZt1pQ4P2fzIvQUiSe6jxzkBi4GF8R4BejJjro0ZSoSXQ==}

  '@webassemblyjs/ast@1.12.1':
    resolution: {integrity: sha512-EKfMUOPRRUTy5UII4qJDGPpqfwjOmZ5jeGFwid9mnoqIFK+e0vqoi1qH56JpmZSzEL53jKnNzScdmftJyG5xWg==}

  '@webassemblyjs/floating-point-hex-parser@1.11.6':
    resolution: {integrity: sha512-ejAj9hfRJ2XMsNHk/v6Fu2dGS+i4UaXBXGemOfQ/JfQ6mdQg/WXtwleQRLLS4OvfDhv8rYnVwH27YJLMyYsxhw==}

  '@webassemblyjs/helper-api-error@1.11.6':
    resolution: {integrity: sha512-o0YkoP4pVu4rN8aTJgAyj9hC2Sv5UlkzCHhxqWj8butaLvnpdc2jOwh4ewE6CX0txSfLn/UYaV/pheS2Txg//Q==}

  '@webassemblyjs/helper-buffer@1.12.1':
    resolution: {integrity: sha512-nzJwQw99DNDKr9BVCOZcLuJJUlqkJh+kVzVl6Fmq/tI5ZtEyWT1KZMyOXltXLZJmDtvLCDgwsyrkohEtopTXCw==}

  '@webassemblyjs/helper-numbers@1.11.6':
    resolution: {integrity: sha512-vUIhZ8LZoIWHBohiEObxVm6hwP034jwmc9kuq5GdHZH0wiLVLIPcMCdpJzG4C11cHoQ25TFIQj9kaVADVX7N3g==}

  '@webassemblyjs/helper-wasm-bytecode@1.11.6':
    resolution: {integrity: sha512-sFFHKwcmBprO9e7Icf0+gddyWYDViL8bpPjJJl0WHxCdETktXdmtWLGVzoHbqUcY4Be1LkNfwTmXOJUFZYSJdA==}

  '@webassemblyjs/helper-wasm-section@1.12.1':
    resolution: {integrity: sha512-Jif4vfB6FJlUlSbgEMHUyk1j234GTNG9dBJ4XJdOySoj518Xj0oGsNi59cUQF4RRMS9ouBUxDDdyBVfPTypa5g==}

  '@webassemblyjs/ieee754@1.11.6':
    resolution: {integrity: sha512-LM4p2csPNvbij6U1f19v6WR56QZ8JcHg3QIJTlSwzFcmx6WSORicYj6I63f9yU1kEUtrpG+kjkiIAkevHpDXrg==}

  '@webassemblyjs/leb128@1.11.6':
    resolution: {integrity: sha512-m7a0FhE67DQXgouf1tbN5XQcdWoNgaAuoULHIfGFIEVKA6tu/edls6XnIlkmS6FrXAquJRPni3ZZKjw6FSPjPQ==}

  '@webassemblyjs/utf8@1.11.6':
    resolution: {integrity: sha512-vtXf2wTQ3+up9Zsg8sa2yWiQpzSsMyXj0qViVP6xKGCUT8p8YJ6HqI7l5eCnWx1T/FYdsv07HQs2wTFbbof/RA==}

  '@webassemblyjs/wasm-edit@1.12.1':
    resolution: {integrity: sha512-1DuwbVvADvS5mGnXbE+c9NfA8QRcZ6iKquqjjmR10k6o+zzsRVesil54DKexiowcFCPdr/Q0qaMgB01+SQ1u6g==}

  '@webassemblyjs/wasm-gen@1.12.1':
    resolution: {integrity: sha512-TDq4Ojh9fcohAw6OIMXqiIcTq5KUXTGRkVxbSo1hQnSy6lAM5GSdfwWeSxpAo0YzgsgF182E/U0mDNhuA0tW7w==}

  '@webassemblyjs/wasm-opt@1.12.1':
    resolution: {integrity: sha512-Jg99j/2gG2iaz3hijw857AVYekZe2SAskcqlWIZXjji5WStnOpVoat3gQfT/Q5tb2djnCjBtMocY/Su1GfxPBg==}

  '@webassemblyjs/wasm-parser@1.12.1':
    resolution: {integrity: sha512-xikIi7c2FHXysxXe3COrVUPSheuBtpcfhbpFj4gmu7KRLYOzANztwUU0IbsqvMqzuNK2+glRGWCEqZo1WCLyAQ==}

  '@webassemblyjs/wast-printer@1.12.1':
    resolution: {integrity: sha512-+X4WAlOisVWQMikjbcvY2e0rwPsKQ9F688lksZhBcPycBBuii3O7m8FACbDMWDojpAqvjIncrG8J0XHKyQfVeA==}

  '@webgpu/types@0.1.45':
    resolution: {integrity: sha512-0TBBF/mhakJoK0qUWCZugBnh23x+VwmYA5RLmtNQwvZt1pQ4P2fzIvQUiSe6jxzkBi4GF8R4BejJjro0ZSoSXQ==}

  '@xtuc/ieee754@1.2.0':
    resolution: {integrity: sha512-DX8nKgqcGwsc0eJSqYt5lwP4DH5FlHnmuWWBRy7X0NcaGR0ZtuyeESgMwTYVEtxmsNGY+qit4QYT/MIYTOTPeA==}

  '@xtuc/long@4.2.2':
    resolution: {integrity: sha512-NuHqBY1PB/D8xU6s/thBgOAiAP7HOYDQ32+BFZILJ8ivkUkAHQnWfn6WhL79Owj1qmUnoN/YPhktdIoucipkAQ==}

  acorn-import-attributes@1.9.5:
    resolution: {integrity: sha512-n02Vykv5uA3eHGM/Z2dQrcD56kL8TyDb2p1+0P83PClMnC/nc+anbQRhIOWnSq4Ke/KvDPrY3C9hDtC/A3eHnQ==}
    peerDependencies:
      acorn: ^8



  ajv@6.12.6:
    resolution: {integrity: sha512-j3fVLgvTo527anyYyJOGTYJbG+vnnQYvE0m5mmkc1TK+nxAppkCLMIL0aZ4dblVCNoGShhm+kzE4ZUykBoMg4g==}


  ajv-formats@2.1.1:
    resolution: {integrity: sha512-Wx0Kx52hxE7C18hkMEggYlEifqWZtYaRgouJor+WMdPnQyEK13vgEWyVNup7SoeeoLMsr4kf5h6dOW11I15MUA==}
    peerDependencies:
      ajv: ^8.0.0
    peerDependenciesMeta:
      ajv:
        optional: true

  ajv-keywords@3.5.2:
    resolution: {integrity: sha512-5p6WTN0DdTGVQk6VjcEju19IgaHudalcfabD7yhDGeA6bcQnmL+CpveLJq/3hvfwd1aof6L386Ougkx6RfyMIQ==}
    peerDependencies:
      ajv: ^6.9.1

  ajv-keywords@5.1.0:
    resolution: {integrity: sha512-YCS/JNFAUyr5vAuhk1DWm1CBxRHW9LbJ2ozWeemrIqpbsqKjHVxYPyi5GC0rjZIT5JxJ3virVTS8wk4i/Z+krw==}
    peerDependencies:
      ajv: ^8.8.2

  ajv@6.12.6:
    resolution: {integrity: sha512-j3fVLgvTo527anyYyJOGTYJbG+vnnQYvE0m5mmkc1TK+nxAppkCLMIL0aZ4dblVCNoGShhm+kzE4ZUykBoMg4g==}

  ajv@8.17.1:
    resolution: {integrity: sha512-B/gBuNg5SiMTrPkC+A2+cW0RszwxYmn6VYxB/inlBStS5nx6xHIt/ehKRhIMhqusl7a8LjQoZnjCs5vhwxOQ1g==}



  client-only@0.0.1:
    resolution: {integrity: sha512-IV3Ou0jSMzZrd3pZ48nLkT9DA7Ag1pnPzaiQhpW7c3RbcqqzvzzVu+L8gfqMp/8IM2MQtSiqaCxrrcfu8I8rMA==}


  chrome-trace-event@1.0.4:
    resolution: {integrity: sha512-rNjApaLzuwaOTjCiT8lSDdGN1APCiqkChLMJxJPWLunPAt5fy8xgU9/jNOchV84wfIxrA0lRQB7oCT8jrn/wrQ==}
    engines: {node: '>=6.0'}

  client-only@0.0.1:
    resolution: {integrity: sha512-IV3Ou0jSMzZrd3pZ48nLkT9DA7Ag1pnPzaiQhpW7c3RbcqqzvzzVu+L8gfqMp/8IM2MQtSiqaCxrrcfu8I8rMA==}

  clsx@1.2.1:
    resolution: {integrity: sha512-EcR6r5a8bj6pu3ycsa/E/cKVGuTgZJZdsyUYHOksG/UHIiKfjxzRxYJpyVBwYaQeOvghal9fcc4PidlgzugAQg==}
    engines: {node: '>=6'}


  commander@2.20.3:
    resolution: {integrity: sha512-GpVkmM8vF2vQUkj2LvZmD35JxeJOLCwJ9cUkugyk2nuhbv3+mJvpLYYt+0+USMxE+oj+ey/lJEnhZw75x/OMcQ==}



  css-vendor@2.0.8:
    resolution: {integrity: sha512-x9Aq0XTInxrkuFeHKbYC7zWY8ai7qJ04Kxd9MnvbC1uO5DagxoHQjm4JvG+vCdXOoFtCjbL2XSZfxmoYa9uQVQ==}



  csstype@2.6.21:
    resolution: {integrity: sha512-Z1PhmomIfypOpoMjRQB70jfvy/wxT50qW08YXO5lMIJkrdq4yOTR+AW7FqutScmB9NkLwxo+jU+kZLbofZZq/w==}


  emailjs-com@3.2.0:
    resolution: {integrity: sha512-Prbz3E1usiAwGjMNYRv6EsJ5c373cX7/AGnZQwOfrpNJrygQJ15+E9OOq4pU8yC977Z5xMetRfc3WmDX6RcjAA==}
    engines: {node: '>=12.0.0'}
    deprecated: The SDK name changed to @emailjs/browser

  electron-to-chromium@1.5.23:
    resolution: {integrity: sha512-mBhODedOXg4v5QWwl21DjM5amzjmI1zw9EPrPK/5Wx7C8jt33bpZNrC7OhHUG3pxRtbLpr3W2dXT+Ph1SsfRZA==}


  es-module-lexer@1.5.4:
    resolution: {integrity: sha512-MVNK56NiMrOwitFB7cqDwq0CQutbw+0BvLshJSse0MUNU+y1FC3bUS/AQg7oUng+/wKrrki7JfmwtVHkVfPLlw==}

  escalade@3.2.0:
    resolution: {integrity: sha512-WUj2qlxaQtO4g6Pq5c29GTcWGDyd8itL8zTlipgECz3JesAiiOKotd8JU6otB3PACgG6xkJUyVhboMS+bje/jA==}
    engines: {node: '>=6'}


  eslint-scope@5.1.1:
    resolution: {integrity: sha512-2NxwbF/hZ0KpepYN0cNbo+FN6XoK7GaHlQhgx/hIZl6Va0bF45RQOOwhLIy8lQDbuCiadSLCBnH2CFYquit5bw==}
    engines: {node: '>=8.0.0'}


  estraverse@4.3.0:
    resolution: {integrity: sha512-39nnKffWz8xN1BU/2c79n9nB9HDzo0niYUqx6xyqUnyoAnQyyWpOTdZEeiCch8BBu515t4wp9ZmgVfVhn9EBpw==}
    engines: {node: '>=4.0'}


  events@3.3.0:
    resolution: {integrity: sha512-mQw+2fkQbALzQ7V0MY0IqdnXNOeTtP4r0lN9z7AAawCXgqea7bDii20AYrIBrFd/Hx0M2Ocz6S111CaFkUcb0Q==}
    engines: {node: '>=0.8.x'}


  fast-uri@3.0.1:
    resolution: {integrity: sha512-MWipKbbYiYI0UC7cl8m/i/IWTqfC8YXsqjzybjddLsFjStroQzsHXkc73JutMvBiXmOvapk+axIl79ig5t55Bw==}



  glob-to-regexp@0.4.1:
    resolution: {integrity: sha512-lkX1HJXwyMcprw/5YUZc2s7DrpAiHB21/V+E1rHUrVNokkvB6bqMzT0VfV6/86ZNabt1k14YOIaT7nDvOX3Iiw==}


  hyphenate-style-name@1.1.0:
    resolution: {integrity: sha512-WDC/ui2VVRrz3jOVi+XtjqkDjiVjTtFaAGiW37k6b+ohyQ5wYDOGkvCZa8+H0nx3gyvv0+BST9xuOgIyGQ00gw==}


  is-in-browser@1.1.3:
    resolution: {integrity: sha512-FeXIBgG/CPGd/WUxuEyvgGTEfwiG9Z4EKGxjNMRqviiIIfsmgrpnHLffEDdwUHqNva1VEW91o3xBT/m8Elgl9g==}


  jest-worker@27.5.1:
    resolution: {integrity: sha512-7vuh85V5cdDofPyxn58nrPjBktZo0u9x1g8WtjQol+jZDaE+fhN+cIvTj11GndBnMnyfrUOG1sZQxCdjKh+DKg==}
    engines: {node: '>= 10.13.0'}



  jss-plugin-camel-case@10.10.0:
    resolution: {integrity: sha512-z+HETfj5IYgFxh1wJnUAU8jByI48ED+v0fuTuhKrPR+pRBYS2EDwbusU8aFOpCdYhtRc9zhN+PJ7iNE8pAWyPw==}

  jss-plugin-default-unit@10.10.0:
    resolution: {integrity: sha512-SvpajxIECi4JDUbGLefvNckmI+c2VWmP43qnEy/0eiwzRUsafg5DVSIWSzZe4d2vFX1u9nRDP46WCFV/PXVBGQ==}

  jss-plugin-global@10.10.0:
    resolution: {integrity: sha512-icXEYbMufiNuWfuazLeN+BNJO16Ge88OcXU5ZDC2vLqElmMybA31Wi7lZ3lf+vgufRocvPj8443irhYRgWxP+A==}

  jss-plugin-nested@10.10.0:
    resolution: {integrity: sha512-9R4JHxxGgiZhurDo3q7LdIiDEgtA1bTGzAbhSPyIOWb7ZubrjQe8acwhEQ6OEKydzpl8XHMtTnEwHXCARLYqYA==}

  jss-plugin-props-sort@10.10.0:
    resolution: {integrity: sha512-5VNJvQJbnq/vRfje6uZLe/FyaOpzP/IH1LP+0fr88QamVrGJa0hpRRyAa0ea4U/3LcorJfBFVyC4yN2QC73lJg==}

  jss-plugin-rule-value-function@10.10.0:
    resolution: {integrity: sha512-uEFJFgaCtkXeIPgki8ICw3Y7VMkL9GEan6SqmT9tqpwM+/t+hxfMUdU4wQ0MtOiMNWhwnckBV0IebrKcZM9C0g==}

  jss-plugin-vendor-prefixer@10.10.0:
    resolution: {integrity: sha512-UY/41WumgjW8r1qMCO8l1ARg7NHnfRVWRhZ2E2m0DMYsr2DD91qIXLyNhiX83hHswR7Wm4D+oDYNC1zWCJWtqg==}

  jss@10.10.0:
    resolution: {integrity: sha512-cqsOTS7jqPsPMjtKYDUpdFC0AbhYFLTcuGRqymgmdJIeQ8cH7+AgX7YSgQy79wXloZq2VvATYxUOUQEvS1V/Zw==}


  loader-runner@4.3.0:
    resolution: {integrity: sha512-3R/1M+yS3j5ou80Me59j7F9IMs4PXs3VqRrm0TU3AbKPxlmpoY1TNscJV/oGJXo8qCatFGTfDbY6W6ipGOYXfg==}
    engines: {node: '>=6.11.5'}


  merge-stream@2.0.0:
    resolution: {integrity: sha512-abv/qOcuPfk3URPfDzmZU1LKmuw8kT+0nIHvKrKgFrwifol/doWcdA4ZqsWQ8ENrFKkd67Mfpo/LovbIUsbt3w==}


  mime-db@1.52.0:
    resolution: {integrity: sha512-sPU4uV7dYlvtWJxwwxHD0PuihVNiE7TyAbQ5SWxDCB9mUYvOgroQOwYQQOKPJ8CIbE+1ETVlOoK1UC2nU3gYvg==}
    engines: {node: '>= 0.6'}

  mime-types@2.1.35:
    resolution: {integrity: sha512-ZDY+bPm5zTTF+YpCrAU9nK0UgICYPT0QtT1NZWFv4s++TNkcgVaT0g6+4R2uI4MjQjzysHB1zxuWL50hzaeXiw==}
    engines: {node: '>= 0.6'}

  mini-css-extract-plugin@2.9.1:
    resolution: {integrity: sha512-+Vyi+GCCOHnrJ2VPS+6aPoXN2k2jgUzDRhTFLjjTBn23qyXJXkjUWQgTL+mXpF5/A8ixLdCc6kWsoeOjKGejKQ==}
    engines: {node: '>= 12.13.0'}
    peerDependencies:
      webpack: ^5.0.0
  neo-async@2.6.2:
    resolution: {integrity: sha512-Yd3UES5mWCSqR+qNT93S3UoYUkqAZ9lLg8a7g9rimsWmYGK8cVToA4/sF3RrshdyV3sAGMXVUmpMYOw+dLpOuw==}



  node-releases@2.0.18:
    resolution: {integrity: sha512-d9VeXT4SJ7ZeOqGX6R5EM022wpL+eWPooLI+5UpWn2jCT1aosUQEhQP214x33Wkwx3JQMvIm+tIoVOdodFS40g==}


  popper.js@1.16.1-lts:
    resolution: {integrity: sha512-Kjw8nKRl1m+VrSFCoVGPph93W/qrSO7ZkqPpTf7F4bk/sqcfWK019dWBUpE/fBOsOQY1dks/Bmcbfn1heM/IsA==}

  randombytes@2.1.0:
    resolution: {integrity: sha512-vYl3iOX+4CKUWuxGi9Ukhie6fsqXqS9FE2Zaic4tNFD2N2QQaXOMFbuKK4QmDHC0JO6B1Zp41J0LpT0oR68amQ==}




  react-is@17.0.2:
    resolution: {integrity: sha512-w2GsyukL62IJnlaff/nRegPQR94C/XXamvMWmSHRJ4y7Ts/4ocGRmTHvOs8PSE6pB3dWOrD/nueuU5sduBsQ4w==}


  require-from-string@2.0.2:
    resolution: {integrity: sha512-Xf0nWe6RseziFMu+Ap9biiUbmplq6S9/p+7w7YXP/JBHhrUDDUhwa+vANyubuqfZWTveU//DYVGsDG7RKL/vEw==}
    engines: {node: '>=0.10.0'}



  safe-buffer@5.2.1:
    resolution: {integrity: sha512-rp3So07KcdmmKbGvgaNxQSJr7bGVSVk5S9Eq1F+ppbRo70+YeaDxkw5Dd8NPN+GD6bjnYm2VuPuCXmpuYvmCXQ==}

  schema-utils@3.3.0:
    resolution: {integrity: sha512-pN/yOAvcC+5rQ5nERGuwrjLlYvLTbCibnZ1I7B1LaiAz9BRBlE9GMgE/eqV30P7aJQUf7Ddimy/RsbYO/GrVGg==}
    engines: {node: '>= 10.13.0'}

  schema-utils@4.2.0:
    resolution: {integrity: sha512-L0jRsrPpjdckP3oPug3/VxNKt2trR8TcabrM6FOAAlvC/9Phcmm+cuAgTlxBqdBR1WJx7Naj9WHw+aOmheSVbw==}
    engines: {node: '>= 12.13.0'}



  serialize-javascript@6.0.2:
    resolution: {integrity: sha512-Saa1xPByTTq2gdeFZYLLo+RFE35NHZkAbqZeWNd3BpzppeVisAqpDjcp8dyf6uIvEqJRd46jemmyA4iFIeVk8g==}

  source-map-support@0.5.21:
    resolution: {integrity: sha512-uBHU3L3czsIyYXKX88fdrGovxdSCoTGDRZ6SYXtSRxLZUzHg5P/66Ht6uoUlHu9EZod+inXhKo3qQgwXUT/y1w==}


  source-map@0.6.1:
    resolution: {integrity: sha512-UjgapumWlbMhkBgzT7Ykc5YXUT46F0iKu8SGXq0bcwP5dz/h0Plj6enJqjz1Zbq2l5WaqYnrVbwWOWMyF3F47g==}
    engines: {node: '>=0.10.0'}

  supports-color@8.1.1:
    resolution: {integrity: sha512-MpUEN2OodtUzxvKQl72cUF7RQ5EiHsGvSsVG0ia9c5RbWGL2CI4C7EpPS8UTBIplnlzZiNuV56w+FuNxy3ty2Q==}
    engines: {node: '>=10'}

  terser-webpack-plugin@5.3.10:
    resolution: {integrity: sha512-BKFPWlPDndPs+NGGCr1U59t0XScL5317Y0UReNrHaw9/FwhPENlq6bfgs+4yPfyP51vqC1bQ4rp1EfXW5ZSH9w==}
    engines: {node: '>= 10.13.0'}
    peerDependencies:
      '@swc/core': '*'
      esbuild: '*'
      uglify-js: '*'
      webpack: ^5.1.0
    peerDependenciesMeta:
      '@swc/core':
        optional: true
      esbuild:
        optional: true
      uglify-js:
        optional: true

  terser@5.32.0:
    resolution: {integrity: sha512-v3Gtw3IzpBJ0ugkxEX8U0W6+TnPKRRCWGh1jC/iM/e3Ki5+qvO1L1EAZ56bZasc64aXHwRHNIQEzm6//i5cemQ==}
    engines: {node: '>=10'}
    hasBin: true


  tiny-warning@1.0.3:
    resolution: {integrity: sha512-lBN9zLN/oAf68o3zNXYrdCt1kP8WsiGW8Oo2ka41b2IM5JL/S1CTyX1rW0mb/zSuJun0ZUrDxx4sqvYS2FWzPA==}

  update-browserslist-db@1.1.0:
    resolution: {integrity: sha512-EdRAaAyk2cUE1wOf2DkEhzxqOQvFOoRJFNS6NeyJ01Gp2beMRpBAINjM2iDXE3KCuKhwnvHIQCJm6ThL2Z+HzQ==}
    hasBin: true
    peerDependencies:
      browserslist: '>= 4.21.0'

  watchpack@2.4.2:
    resolution: {integrity: sha512-TnbFSbcOCcDgjZ4piURLCbJ3nJhznVh9kw6F6iokjiFPl8ONxe9A6nMDVXDiNbrSfLILs6vB07F7wLBrwPYzJw==}
    engines: {node: '>=10.13.0'}

  webpack-sources@3.2.3:
    resolution: {integrity: sha512-/DyMEOrDgLKKIG0fmvtz+4dUX/3Ghozwgm6iPp8KRhvn+eQf9+Q7GWxVNMk3+uCPWfdXYC4ExGBckIXdFEfH1w==}
    engines: {node: '>=10.13.0'}

  webpack@5.94.0:
    resolution: {integrity: sha512-KcsGn50VT+06JH/iunZJedYGUJS5FGjow8wb9c0v5n1Om8O1g4L6LjtfxwlXIATopoQu+vOXXa7gYisWxCoPyg==}
    engines: {node: '>=10.13.0'}
    hasBin: true
    peerDependencies:
      webpack-cli: '*'
    peerDependenciesMeta:
      webpack-cli:
        optional: true

  '@emotion/hash@0.8.0': {}


  '@jridgewell/source-map@0.3.6':
    dependencies:
      '@jridgewell/gen-mapping': 0.3.5
      '@jridgewell/trace-mapping': 0.3.25


  '@material-ui/core@4.12.4(@types/react@18.3.6)(react-dom@18.3.1(react@18.3.1))(react@18.3.1)':
    dependencies:
      '@babel/runtime': 7.25.6
      '@material-ui/styles': 4.11.5(@types/react@18.3.6)(react-dom@18.3.1(react@18.3.1))(react@18.3.1)
      '@material-ui/system': 4.12.2(@types/react@18.3.6)(react-dom@18.3.1(react@18.3.1))(react@18.3.1)
      '@material-ui/types': 5.1.0(@types/react@18.3.6)
      '@material-ui/utils': 4.11.3(react-dom@18.3.1(react@18.3.1))(react@18.3.1)
      '@types/react-transition-group': 4.4.11
      clsx: 1.2.1
      hoist-non-react-statics: 3.3.2
      popper.js: 1.16.1-lts
      prop-types: 15.8.1
      react: 18.3.1
      react-dom: 18.3.1(react@18.3.1)
      react-is: 17.0.2
      react-transition-group: 4.4.5(react-dom@18.3.1(react@18.3.1))(react@18.3.1)
    optionalDependencies:
      '@types/react': 18.3.6

  '@material-ui/styles@4.11.5(@types/react@18.3.6)(react-dom@18.3.1(react@18.3.1))(react@18.3.1)':
    dependencies:
      '@babel/runtime': 7.25.6
      '@emotion/hash': 0.8.0
      '@material-ui/types': 5.1.0(@types/react@18.3.6)
      '@material-ui/utils': 4.11.3(react-dom@18.3.1(react@18.3.1))(react@18.3.1)
      clsx: 1.2.1
      csstype: 2.6.21
      hoist-non-react-statics: 3.3.2
      jss: 10.10.0
      jss-plugin-camel-case: 10.10.0
      jss-plugin-default-unit: 10.10.0
      jss-plugin-global: 10.10.0
      jss-plugin-nested: 10.10.0
      jss-plugin-props-sort: 10.10.0
      jss-plugin-rule-value-function: 10.10.0
      jss-plugin-vendor-prefixer: 10.10.0
      prop-types: 15.8.1
      react: 18.3.1
      react-dom: 18.3.1(react@18.3.1)
    optionalDependencies:
      '@types/react': 18.3.6

  '@material-ui/system@4.12.2(@types/react@18.3.6)(react-dom@18.3.1(react@18.3.1))(react@18.3.1)':
    dependencies:
      '@babel/runtime': 7.25.6
      '@material-ui/utils': 4.11.3(react-dom@18.3.1(react@18.3.1))(react@18.3.1)
      csstype: 2.6.21
      prop-types: 15.8.1
      react: 18.3.1
      react-dom: 18.3.1(react@18.3.1)
    optionalDependencies:
      '@types/react': 18.3.6

  '@material-ui/types@5.1.0(@types/react@18.3.6)':
    optionalDependencies:
      '@types/react': 18.3.6

  '@material-ui/utils@4.11.3(react-dom@18.3.1(react@18.3.1))(react@18.3.1)':
    dependencies:
      '@babel/runtime': 7.25.6
      prop-types: 15.8.1
      react: 18.3.1
      react-dom: 18.3.1(react@18.3.1)
      react-is: 17.0.2


  '@types/estree@1.0.5': {}

  '@types/json-schema@7.0.15': {}

  '@webgpu/types@0.1.45': {}

  '@webassemblyjs/ast@1.12.1':
    dependencies:
      '@webassemblyjs/helper-numbers': 1.11.6
      '@webassemblyjs/helper-wasm-bytecode': 1.11.6

  '@webassemblyjs/floating-point-hex-parser@1.11.6': {}

  '@webassemblyjs/helper-api-error@1.11.6': {}

  '@webassemblyjs/helper-buffer@1.12.1': {}

  '@webassemblyjs/helper-numbers@1.11.6':
    dependencies:
      '@webassemblyjs/floating-point-hex-parser': 1.11.6
      '@webassemblyjs/helper-api-error': 1.11.6
      '@xtuc/long': 4.2.2

  '@webassemblyjs/helper-wasm-bytecode@1.11.6': {}

  '@webassemblyjs/helper-wasm-section@1.12.1':
    dependencies:
      '@webassemblyjs/ast': 1.12.1
      '@webassemblyjs/helper-buffer': 1.12.1
      '@webassemblyjs/helper-wasm-bytecode': 1.11.6
      '@webassemblyjs/wasm-gen': 1.12.1

  '@webassemblyjs/ieee754@1.11.6':
    dependencies:
      '@xtuc/ieee754': 1.2.0

  '@webassemblyjs/leb128@1.11.6':
    dependencies:
      '@xtuc/long': 4.2.2

  '@webassemblyjs/utf8@1.11.6': {}

  '@webassemblyjs/wasm-edit@1.12.1':
    dependencies:
      '@webassemblyjs/ast': 1.12.1
      '@webassemblyjs/helper-buffer': 1.12.1
      '@webassemblyjs/helper-wasm-bytecode': 1.11.6
      '@webassemblyjs/helper-wasm-section': 1.12.1
      '@webassemblyjs/wasm-gen': 1.12.1
      '@webassemblyjs/wasm-opt': 1.12.1
      '@webassemblyjs/wasm-parser': 1.12.1
      '@webassemblyjs/wast-printer': 1.12.1

  '@webassemblyjs/wasm-gen@1.12.1':
    dependencies:
      '@webassemblyjs/ast': 1.12.1
      '@webassemblyjs/helper-wasm-bytecode': 1.11.6
      '@webassemblyjs/ieee754': 1.11.6
      '@webassemblyjs/leb128': 1.11.6
      '@webassemblyjs/utf8': 1.11.6

  '@webassemblyjs/wasm-opt@1.12.1':
    dependencies:
      '@webassemblyjs/ast': 1.12.1
      '@webassemblyjs/helper-buffer': 1.12.1
      '@webassemblyjs/wasm-gen': 1.12.1
      '@webassemblyjs/wasm-parser': 1.12.1

  '@webassemblyjs/wasm-parser@1.12.1':
    dependencies:
      '@webassemblyjs/ast': 1.12.1
      '@webassemblyjs/helper-api-error': 1.11.6
      '@webassemblyjs/helper-wasm-bytecode': 1.11.6
      '@webassemblyjs/ieee754': 1.11.6
      '@webassemblyjs/leb128': 1.11.6
      '@webassemblyjs/utf8': 1.11.6

  '@webassemblyjs/wast-printer@1.12.1':
    dependencies:
      '@webassemblyjs/ast': 1.12.1
      '@xtuc/long': 4.2.2

  '@webgpu/types@0.1.45': {}

  '@xtuc/ieee754@1.2.0': {}

  '@xtuc/long@4.2.2': {}

  acorn-import-attributes@1.9.5(acorn@8.12.1):
    dependencies:
      acorn: 8.12.1


  ajv-formats@2.1.1(ajv@8.17.1):
    optionalDependencies:
      ajv: 8.17.1

  ajv-keywords@3.5.2(ajv@6.12.6):
    dependencies:
      ajv: 6.12.6

  ajv-keywords@5.1.0(ajv@8.17.1):
    dependencies:
      ajv: 8.17.1
      fast-deep-equal: 3.1.3

  ajv@8.17.1:
    dependencies:
      fast-deep-equal: 3.1.3
      fast-uri: 3.0.1
      json-schema-traverse: 1.0.0
      require-from-string: 2.0.2



  browserslist@4.23.3:
    dependencies:
      caniuse-lite: 1.0.30001660
      electron-to-chromium: 1.5.23
      node-releases: 2.0.18
      update-browserslist-db: 1.1.0(browserslist@4.23.3)

  buffer-from@1.1.2: {}


  client-only@0.0.1: {}

  chrome-trace-event@1.0.4: {}

  client-only@0.0.1: {}

  clsx@1.2.1: {}


  commander@2.20.3: {}




  cssesc@3.0.0: {}


  css-vendor@2.0.8:
    dependencies:
      '@babel/runtime': 7.25.6
      is-in-browser: 1.1.3

  cssesc@3.0.0: {}

  csstype@2.6.21: {}


  emailjs-com@3.2.0: {}

  electron-to-chromium@1.5.23: {}

  es-module-lexer@1.5.4: {}


  escalade@3.2.0: {}


      eslint-plugin-import: 2.30.0(@typescript-eslint/parser@7.2.0(eslint@8.57.0)(typescript@5.6.2))(eslint-import-resolver-typescript@3.6.3(@typescript-eslint/parser@7.2.0(eslint@8.57.0)(typescript@5.6.2))(eslint-import-resolver-node@0.3.9)(eslint-plugin-import@2.30.0(eslint@8.57.0))(eslint@8.57.0))(eslint@8.57.0)

      eslint-plugin-import: 2.30.0(@typescript-eslint/parser@7.2.0(eslint@8.57.0)(typescript@5.6.2))(eslint-import-resolver-typescript@3.6.3)(eslint@8.57.0)


      eslint-plugin-import: 2.30.0(@typescript-eslint/parser@7.2.0(eslint@8.57.0)(typescript@5.6.2))(eslint-import-resolver-typescript@3.6.3(@typescript-eslint/parser@7.2.0(eslint@8.57.0)(typescript@5.6.2))(eslint-import-resolver-node@0.3.9)(eslint-plugin-import@2.30.0(eslint@8.57.0))(eslint@8.57.0))(eslint@8.57.0)

      eslint-plugin-import: 2.30.0(@typescript-eslint/parser@7.2.0(eslint@8.57.0)(typescript@5.6.2))(eslint-import-resolver-typescript@3.6.3)(eslint@8.57.0)



  eslint-plugin-import@2.30.0(@typescript-eslint/parser@7.2.0(eslint@8.57.0)(typescript@5.6.2))(eslint-import-resolver-typescript@3.6.3(@typescript-eslint/parser@7.2.0(eslint@8.57.0)(typescript@5.6.2))(eslint-import-resolver-node@0.3.9)(eslint-plugin-import@2.30.0(eslint@8.57.0))(eslint@8.57.0))(eslint@8.57.0):

  eslint-plugin-import@2.30.0(@typescript-eslint/parser@7.2.0(eslint@8.57.0)(typescript@5.6.2))(eslint-import-resolver-typescript@3.6.3)(eslint@8.57.0):


  eslint-scope@5.1.1:
    dependencies:
      esrecurse: 4.3.0
      estraverse: 4.3.0

  estraverse@4.3.0: {}

  fast-uri@3.0.1: {}


  hyphenate-style-name@1.1.0: {}


  is-in-browser@1.1.3: {}

  jest-worker@27.5.1:
    dependencies:
      '@types/node': 20.16.5
      merge-stream: 2.0.0
      supports-color: 8.1.1


  json-schema-traverse@1.0.0: {}

  jss-plugin-camel-case@10.10.0:
    dependencies:
      '@babel/runtime': 7.25.6
      hyphenate-style-name: 1.1.0
      jss: 10.10.0

  jss-plugin-default-unit@10.10.0:
    dependencies:
      '@babel/runtime': 7.25.6
      jss: 10.10.0

  jss-plugin-global@10.10.0:
    dependencies:
      '@babel/runtime': 7.25.6
      jss: 10.10.0

  jss-plugin-nested@10.10.0:
    dependencies:
      '@babel/runtime': 7.25.6
      jss: 10.10.0
      tiny-warning: 1.0.3

  jss-plugin-props-sort@10.10.0:
    dependencies:
      '@babel/runtime': 7.25.6
      jss: 10.10.0

  jss-plugin-rule-value-function@10.10.0:
    dependencies:
      '@babel/runtime': 7.25.6
      jss: 10.10.0
      tiny-warning: 1.0.3

  jss-plugin-vendor-prefixer@10.10.0:
    dependencies:
      '@babel/runtime': 7.25.6
      css-vendor: 2.0.8
      jss: 10.10.0

  jss@10.10.0:
    dependencies:
      '@babel/runtime': 7.25.6
      csstype: 3.1.3
      is-in-browser: 1.1.3
      tiny-warning: 1.0.3

  loader-runner@4.3.0: {}

  merge-stream@2.0.0: {}


  mime-db@1.52.0: {}

  mime-types@2.1.35:
    dependencies:
      mime-db: 1.52.0

  mini-css-extract-plugin@2.9.1(webpack@5.94.0):
    dependencies:
      schema-utils: 4.2.0
      tapable: 2.2.1
      webpack: 5.94.0




  neo-async@2.6.2: {}


  node-releases@2.0.18: {}


  popper.js@1.16.1-lts: {}




  randombytes@2.1.0:
    dependencies:
      safe-buffer: 5.2.1



  react-is@17.0.2: {}


  require-from-string@2.0.2: {}



  safe-buffer@5.2.1: {}



  schema-utils@3.3.0:
    dependencies:
      '@types/json-schema': 7.0.15
      ajv: 6.12.6
      ajv-keywords: 3.5.2(ajv@6.12.6)

  schema-utils@4.2.0:
    dependencies:
      '@types/json-schema': 7.0.15
      ajv: 8.17.1
      ajv-formats: 2.1.1(ajv@8.17.1)
      ajv-keywords: 5.1.0(ajv@8.17.1)

  serialize-javascript@6.0.2:
    dependencies:
      randombytes: 2.1.0


  source-map@0.5.7: {}


  source-map-support@0.5.21:
    dependencies:
      buffer-from: 1.1.2
      source-map: 0.6.1

  source-map@0.5.7: {}

  source-map@0.6.1: {}


  supports-color@8.1.1:
    dependencies:
      has-flag: 4.0.0


  terser-webpack-plugin@5.3.10(webpack@5.94.0):
    dependencies:
      '@jridgewell/trace-mapping': 0.3.25
      jest-worker: 27.5.1
      schema-utils: 3.3.0
      serialize-javascript: 6.0.2
      terser: 5.32.0
      webpack: 5.94.0

  terser@5.32.0:
    dependencies:
      '@jridgewell/source-map': 0.3.6
      acorn: 8.12.1
      commander: 2.20.3
      source-map-support: 0.5.21


  tiny-warning@1.0.3: {}


  update-browserslist-db@1.1.0(browserslist@4.23.3):
    dependencies:
      browserslist: 4.23.3
      escalade: 3.2.0
      picocolors: 1.1.0


  watchpack@2.4.2:
    dependencies:
      glob-to-regexp: 0.4.1
      graceful-fs: 4.2.11

  webpack-sources@3.2.3: {}

  webpack@5.94.0:
    dependencies:
      '@types/estree': 1.0.5
      '@webassemblyjs/ast': 1.12.1
      '@webassemblyjs/wasm-edit': 1.12.1
      '@webassemblyjs/wasm-parser': 1.12.1
      acorn: 8.12.1
      acorn-import-attributes: 1.9.5(acorn@8.12.1)
      browserslist: 4.23.3
      chrome-trace-event: 1.0.4
      enhanced-resolve: 5.17.1
      es-module-lexer: 1.5.4
      eslint-scope: 5.1.1
      events: 3.3.0
      glob-to-regexp: 0.4.1
      graceful-fs: 4.2.11
      json-parse-even-better-errors: 2.3.1
      loader-runner: 4.3.0
      mime-types: 2.1.35
      neo-async: 2.6.2
      schema-utils: 3.3.0
      tapable: 2.2.1
      terser-webpack-plugin: 5.3.10(webpack@5.94.0)
      watchpack: 2.4.2
      webpack-sources: 3.2.3
    transitivePeerDependencies:
      - '@swc/core'
      - esbuild
      - uglify-js

